PODS:
  - AMTabView (0.1.2)
  - BetterSegmentedControl (2.0.1)
  - Charts (3.6.0):
    - Charts/Core (= 3.6.0)
  - Charts/Core (3.6.0)
  - DWAnimatedLabel (1.2)
  - fluid-slider (1.1.0):
    - pop
  - MarqueeLabel (4.0.5)
  - pop (1.0.12)
  - TextFieldEffects (1.6.0)
  - WCLShineButton (1.0.8)

DEPENDENCIES:
  - AMTabView
  - BetterSegmentedControl
  - Charts
  - DWAnimatedLabel
  - fluid-slider
  - MarqueeLabel
  - TextFieldEffects
  - WCLShineButton

SPEC REPOS:
  trunk:
    - AMTabView
    - BetterSegmentedControl
    - Charts
    - DWAnimatedLabel
    - fluid-slider
    - MarqueeLabel
    - pop
    - TextFieldEffects
    - WCLShineButton

SPEC CHECKSUMS:
  AMTabView: b8a74f5ea27ec367d8f6fa614ebc77be9af38064
  BetterSegmentedControl: 09607b27861d49cbce48b7673b74f9150a3d371a
  Charts: b1e3a1f5a1c9ba5394438ca3b91bd8c9076310af
  DWAnimatedLabel: 2c5742ea5584187592508e5cee0a9b0e8e8c6af0
  fluid-slider: 68037ac7247f16a89f3e24ff5d0167c8eea6f50b
  MarqueeLabel: 00cc0bcd087111dca575878b3531af980559707d
  pop: d582054913807fd11fd50bfe6a539d91c7e1a55a
  TextFieldEffects: 529b8aff706fb40f82c41c780c0777941a893796
  WCLShineButton: 315ee9b0024b1cc56dba34fb6a8878937eb8d0b1

PODFILE CHECKSUM: 12a66d7d543f68e034783f904a8a299b4a48085e

COCOAPODS: 1.9.3
